github.com/umarbawazirfaiz/go-say-hello v1.0.0 h1:hHyXF70Kv+6NC/hM4jeU2XT/keblM5XAQWMrD/CB9Jk=
github.com/umarbawazirfaiz/go-say-hello v1.0.0/go.mod h1:jRI/8CEW3a0CMrdf0F657Pax5nnk8GHxIGm7ew5WYhk=
github.com/umarbawazirfaiz/go-say-hello v1.0.1 h1:nlkVplJvI94NAIqYqp+fCUs7IE2kdTd5YJQ92XTycpM=
github.com/umarbawazirfaiz/go-say-hello v1.0.1/go.mod h1:jRI/8CEW3a0CMrdf0F657Pax5nnk8GHxIGm7ew5WYhk=
github.com/umarbawazirfaiz/go-say-hello/v2 v2.0.0 h1:6X9SKkY8HVC5iTYl9Xs65L7Ba8DW14v8Tpr0RN4LsXI=
github.com/umarbawazirfaiz/go-say-hello/v2 v2.0.0/go.mod h1:goGJxSjpOnLPQ2xLYUZ53HJQDGafiaN/ZFOdavaSqsc=
